
Microsoft Visual Studio Solution File, Format Version 12.00
# Visual Studio Version 17
VisualStudioVersion = 17.10.35027.167
MinimumVisualStudioVersion = 10.0.40219.1
Project("{FAE04EC0-301F-11D3-BF4B-00C04F79EFBC}") = "bubble sort", "ConsoleApp1\bubble sort.csproj", "{09EA75E2-B3A5-4FE3-A27F-0212E91137CE}"
EndProject
Global
	GlobalSection(SolutionConfigurationPlatforms) = preSolution
		Debug|Any CPU = Debug|Any CPU
		Release|Any CPU = Release|Any CPU
	EndGlobalSection
	GlobalSection(ProjectConfigurationPlatforms) = postSolution
		{09EA75E2-B3A5-4FE3-A27F-0212E91137CE}.Debug|Any CPU.ActiveCfg = Debug|Any CPU
		{09EA75E2-B3A5-4FE3-A27F-0212E91137CE}.Debug|Any CPU.Build.0 = Debug|Any CPU
		{09EA75E2-B3A5-4FE3-A27F-0212E91137CE}.Release|Any CPU.ActiveCfg = Release|Any CPU
		{09EA75E2-B3A5-4FE3-A27F-0212E91137CE}.Release|Any CPU.Build.0 = Release|Any CPU
	EndGlobalSection
	GlobalSection(SolutionProperties) = preSolution
		HideSolutionNode = FALSE
	EndGlobalSection
	GlobalSection(ExtensibilityGlobals) = postSolution
		SolutionGuid = {DD9130B7-AB11-4229-8798-5E32D32564B2}
	EndGlobalSection
EndGlobal
